
Microsoft Visual Studio Solution File, Format Version 12.00
# Visual Studio 15
VisualStudioVersion = 15.0.26124.0
MinimumVisualStudioVersion = 15.0.26124.0
Project("{FAE04EC0-301F-11D3-BF4B-00C04F79EFBC}") = "parcial", "Parcial\parcial.csproj", "{31FE1CB8-48A7-4257-BB6C-3A195EFC5A31}"
EndProject
Project("{FAE04EC0-301F-11D3-BF4B-00C04F79EFBC}") = "Datos", "Datos\Datos.csproj", "{8337E509-BB07-4B23-AD24-66628732E7C8}"
EndProject
Project("{FAE04EC0-301F-11D3-BF4B-00C04F79EFBC}") = "Logica", "Logica\Logica.csproj", "{1B613FF6-F73B-4E8B-A36D-DA61C67DCA5B}"
EndProject
Project("{FAE04EC0-301F-11D3-BF4B-00C04F79EFBC}") = "Entidad", "Entidad\Entidad.csproj", "{09E916FB-87E6-41EC-94A2-23EB5656D673}"
EndProject
Global
	GlobalSection(SolutionConfigurationPlatforms) = preSolution
		Debug|Any CPU = Debug|Any CPU
		Debug|x64 = Debug|x64
		Debug|x86 = Debug|x86
		Release|Any CPU = Release|Any CPU
		Release|x64 = Release|x64
		Release|x86 = Release|x86
	EndGlobalSection
	GlobalSection(SolutionProperties) = preSolution
		HideSolutionNode = FALSE
	EndGlobalSection
	GlobalSection(ProjectConfigurationPlatforms) = postSolution
		{31FE1CB8-48A7-4257-BB6C-3A195EFC5A31}.Debug|Any CPU.ActiveCfg = Debug|Any CPU
		{31FE1CB8-48A7-4257-BB6C-3A195EFC5A31}.Debug|Any CPU.Build.0 = Debug|Any CPU
		{31FE1CB8-48A7-4257-BB6C-3A195EFC5A31}.Debug|x64.ActiveCfg = Debug|Any CPU
		{31FE1CB8-48A7-4257-BB6C-3A195EFC5A31}.Debug|x64.Build.0 = Debug|Any CPU
		{31FE1CB8-48A7-4257-BB6C-3A195EFC5A31}.Debug|x86.ActiveCfg = Debug|Any CPU
		{31FE1CB8-48A7-4257-BB6C-3A195EFC5A31}.Debug|x86.Build.0 = Debug|Any CPU
		{31FE1CB8-48A7-4257-BB6C-3A195EFC5A31}.Release|Any CPU.ActiveCfg = Release|Any CPU
		{31FE1CB8-48A7-4257-BB6C-3A195EFC5A31}.Release|Any CPU.Build.0 = Release|Any CPU
		{31FE1CB8-48A7-4257-BB6C-3A195EFC5A31}.Release|x64.ActiveCfg = Release|Any CPU
		{31FE1CB8-48A7-4257-BB6C-3A195EFC5A31}.Release|x64.Build.0 = Release|Any CPU
		{31FE1CB8-48A7-4257-BB6C-3A195EFC5A31}.Release|x86.ActiveCfg = Release|Any CPU
		{31FE1CB8-48A7-4257-BB6C-3A195EFC5A31}.Release|x86.Build.0 = Release|Any CPU
		{8337E509-BB07-4B23-AD24-66628732E7C8}.Debug|Any CPU.ActiveCfg = Debug|Any CPU
		{8337E509-BB07-4B23-AD24-66628732E7C8}.Debug|Any CPU.Build.0 = Debug|Any CPU
		{8337E509-BB07-4B23-AD24-66628732E7C8}.Debug|x64.ActiveCfg = Debug|Any CPU
		{8337E509-BB07-4B23-AD24-66628732E7C8}.Debug|x64.Build.0 = Debug|Any CPU
		{8337E509-BB07-4B23-AD24-66628732E7C8}.Debug|x86.ActiveCfg = Debug|Any CPU
		{8337E509-BB07-4B23-AD24-66628732E7C8}.Debug|x86.Build.0 = Debug|Any CPU
		{8337E509-BB07-4B23-AD24-66628732E7C8}.Release|Any CPU.ActiveCfg = Release|Any CPU
		{8337E509-BB07-4B23-AD24-66628732E7C8}.Release|Any CPU.Build.0 = Release|Any CPU
		{8337E509-BB07-4B23-AD24-66628732E7C8}.Release|x64.ActiveCfg = Release|Any CPU
		{8337E509-BB07-4B23-AD24-66628732E7C8}.Release|x64.Build.0 = Release|Any CPU
		{8337E509-BB07-4B23-AD24-66628732E7C8}.Release|x86.ActiveCfg = Release|Any CPU
		{8337E509-BB07-4B23-AD24-66628732E7C8}.Release|x86.Build.0 = Release|Any CPU
		{1B613FF6-F73B-4E8B-A36D-DA61C67DCA5B}.Debug|Any CPU.ActiveCfg = Debug|Any CPU
		{1B613FF6-F73B-4E8B-A36D-DA61C67DCA5B}.Debug|Any CPU.Build.0 = Debug|Any CPU
		{1B613FF6-F73B-4E8B-A36D-DA61C67DCA5B}.Debug|x64.ActiveCfg = Debug|Any CPU
		{1B613FF6-F73B-4E8B-A36D-DA61C67DCA5B}.Debug|x64.Build.0 = Debug|Any CPU
		{1B613FF6-F73B-4E8B-A36D-DA61C67DCA5B}.Debug|x86.ActiveCfg = Debug|Any CPU
		{1B613FF6-F73B-4E8B-A36D-DA61C67DCA5B}.Debug|x86.Build.0 = Debug|Any CPU
		{1B613FF6-F73B-4E8B-A36D-DA61C67DCA5B}.Release|Any CPU.ActiveCfg = Release|Any CPU
		{1B613FF6-F73B-4E8B-A36D-DA61C67DCA5B}.Release|Any CPU.Build.0 = Release|Any CPU
		{1B613FF6-F73B-4E8B-A36D-DA61C67DCA5B}.Release|x64.ActiveCfg = Release|Any CPU
		{1B613FF6-F73B-4E8B-A36D-DA61C67DCA5B}.Release|x64.Build.0 = Release|Any CPU
		{1B613FF6-F73B-4E8B-A36D-DA61C67DCA5B}.Release|x86.ActiveCfg = Release|Any CPU
		{1B613FF6-F73B-4E8B-A36D-DA61C67DCA5B}.Release|x86.Build.0 = Release|Any CPU
		{09E916FB-87E6-41EC-94A2-23EB5656D673}.Debug|Any CPU.ActiveCfg = Debug|Any CPU
		{09E916FB-87E6-41EC-94A2-23EB5656D673}.Debug|Any CPU.Build.0 = Debug|Any CPU
		{09E916FB-87E6-41EC-94A2-23EB5656D673}.Debug|x64.ActiveCfg = Debug|Any CPU
		{09E916FB-87E6-41EC-94A2-23EB5656D673}.Debug|x64.Build.0 = Debug|Any CPU
		{09E916FB-87E6-41EC-94A2-23EB5656D673}.Debug|x86.ActiveCfg = Debug|Any CPU
		{09E916FB-87E6-41EC-94A2-23EB5656D673}.Debug|x86.Build.0 = Debug|Any CPU
		{09E916FB-87E6-41EC-94A2-23EB5656D673}.Release|Any CPU.ActiveCfg = Release|Any CPU
		{09E916FB-87E6-41EC-94A2-23EB5656D673}.Release|Any CPU.Build.0 = Release|Any CPU
		{09E916FB-87E6-41EC-94A2-23EB5656D673}.Release|x64.ActiveCfg = Release|Any CPU
		{09E916FB-87E6-41EC-94A2-23EB5656D673}.Release|x64.Build.0 = Release|Any CPU
		{09E916FB-87E6-41EC-94A2-23EB5656D673}.Release|x86.ActiveCfg = Release|Any CPU
		{09E916FB-87E6-41EC-94A2-23EB5656D673}.Release|x86.Build.0 = Release|Any CPU
	EndGlobalSection
EndGlobal
